
Microsoft Visual Studio Solution File, Format Version 12.00
# Visual Studio Version 17
Project("{2150E333-8FDC-42A3-9474-1A3956D46DE8}") = "CMakePredefinedTargets", "CMakePredefinedTargets", "{9C35C635-D2F4-364E-8FF8-2B3EFD99FD4D}"
EndProject
Project("{2150E333-8FDC-42A3-9474-1A3956D46DE8}") = "GLFW3", "GLFW3", "{D90FA4F7-5CBA-3749-8AC2-000F30D52756}"
EndProject
Project("{8BC9CEB8-8B4A-11D0-8D11-00A0C91BC942}") = "ALL_BUILD", "ALL_BUILD.vcxproj", "{75CD1C65-8943-3CA6-A89E-113119DC15F7}"
	ProjectSection(ProjectDependencies) = postProject
		{0938DAB9-9340-3A06-8EE1-49E95D314008} = {0938DAB9-9340-3A06-8EE1-49E95D314008}
		{AF30E992-2F7C-39E7-8B73-5759055B05FD} = {AF30E992-2F7C-39E7-8B73-5759055B05FD}
		{D4BC705E-E62E-3E57-8BBB-3AC272975505} = {D4BC705E-E62E-3E57-8BBB-3AC272975505}
		{A5430665-BBB6-3C36-B0D9-B205BD9DFB08} = {A5430665-BBB6-3C36-B0D9-B205BD9DFB08}
	EndProjectSection
EndProject
Project("{8BC9CEB8-8B4A-11D0-8D11-00A0C91BC942}") = "INSTALL", "INSTALL.vcxproj", "{1DFCC2A2-A3B7-3B4A-B20D-778BDAF7F77F}"
	ProjectSection(ProjectDependencies) = postProject
		{75CD1C65-8943-3CA6-A89E-113119DC15F7} = {75CD1C65-8943-3CA6-A89E-113119DC15F7}
		{0938DAB9-9340-3A06-8EE1-49E95D314008} = {0938DAB9-9340-3A06-8EE1-49E95D314008}
	EndProjectSection
EndProject
Project("{8BC9CEB8-8B4A-11D0-8D11-00A0C91BC942}") = "PACKAGE", "PACKAGE.vcxproj", "{A1A6BDF6-E685-3096-8391-870D74016092}"
	ProjectSection(ProjectDependencies) = postProject
		{75CD1C65-8943-3CA6-A89E-113119DC15F7} = {75CD1C65-8943-3CA6-A89E-113119DC15F7}
		{0938DAB9-9340-3A06-8EE1-49E95D314008} = {0938DAB9-9340-3A06-8EE1-49E95D314008}
	EndProjectSection
EndProject
Project("{8BC9CEB8-8B4A-11D0-8D11-00A0C91BC942}") = "ZERO_CHECK", "ZERO_CHECK.vcxproj", "{0938DAB9-9340-3A06-8EE1-49E95D314008}"
	ProjectSection(ProjectDependencies) = postProject
	EndProjectSection
EndProject
Project("{8BC9CEB8-8B4A-11D0-8D11-00A0C91BC942}") = "glfw", "_deps\raylib-build\raylib\external\glfw\src\glfw.vcxproj", "{AF30E992-2F7C-39E7-8B73-5759055B05FD}"
	ProjectSection(ProjectDependencies) = postProject
		{0938DAB9-9340-3A06-8EE1-49E95D314008} = {0938DAB9-9340-3A06-8EE1-49E95D314008}
	EndProjectSection
EndProject
Project("{8BC9CEB8-8B4A-11D0-8D11-00A0C91BC942}") = "raylib", "_deps\raylib-build\raylib\raylib.vcxproj", "{D4BC705E-E62E-3E57-8BBB-3AC272975505}"
	ProjectSection(ProjectDependencies) = postProject
		{0938DAB9-9340-3A06-8EE1-49E95D314008} = {0938DAB9-9340-3A06-8EE1-49E95D314008}
		{AF30E992-2F7C-39E7-8B73-5759055B05FD} = {AF30E992-2F7C-39E7-8B73-5759055B05FD}
	EndProjectSection
EndProject
Project("{8BC9CEB8-8B4A-11D0-8D11-00A0C91BC942}") = "raylib_game", "raylib_game.vcxproj", "{A5430665-BBB6-3C36-B0D9-B205BD9DFB08}"
	ProjectSection(ProjectDependencies) = postProject
		{0938DAB9-9340-3A06-8EE1-49E95D314008} = {0938DAB9-9340-3A06-8EE1-49E95D314008}
		{AF30E992-2F7C-39E7-8B73-5759055B05FD} = {AF30E992-2F7C-39E7-8B73-5759055B05FD}
		{D4BC705E-E62E-3E57-8BBB-3AC272975505} = {D4BC705E-E62E-3E57-8BBB-3AC272975505}
	EndProjectSection
EndProject
Project("{8BC9CEB8-8B4A-11D0-8D11-00A0C91BC942}") = "uninstall", "_deps\raylib-build\uninstall.vcxproj", "{6D82DBE0-0D39-3F16-B3AD-13A9E2108670}"
	ProjectSection(ProjectDependencies) = postProject
		{0938DAB9-9340-3A06-8EE1-49E95D314008} = {0938DAB9-9340-3A06-8EE1-49E95D314008}
	EndProjectSection
EndProject
Project("{8BC9CEB8-8B4A-11D0-8D11-00A0C91BC942}") = "update_mappings", "_deps\raylib-build\raylib\external\glfw\src\update_mappings.vcxproj", "{B9E457F1-7414-3453-95C0-64772A06C028}"
	ProjectSection(ProjectDependencies) = postProject
		{0938DAB9-9340-3A06-8EE1-49E95D314008} = {0938DAB9-9340-3A06-8EE1-49E95D314008}
	EndProjectSection
EndProject
Global
	GlobalSection(SolutionConfigurationPlatforms) = preSolution
		Debug|x64 = Debug|x64
		Release|x64 = Release|x64
		MinSizeRel|x64 = MinSizeRel|x64
		RelWithDebInfo|x64 = RelWithDebInfo|x64
	EndGlobalSection
	GlobalSection(ProjectConfigurationPlatforms) = postSolution
		{75CD1C65-8943-3CA6-A89E-113119DC15F7}.Debug|x64.ActiveCfg = Debug|x64
		{75CD1C65-8943-3CA6-A89E-113119DC15F7}.Debug|x64.Build.0 = Debug|x64
		{75CD1C65-8943-3CA6-A89E-113119DC15F7}.Release|x64.ActiveCfg = Release|x64
		{75CD1C65-8943-3CA6-A89E-113119DC15F7}.Release|x64.Build.0 = Release|x64
		{75CD1C65-8943-3CA6-A89E-113119DC15F7}.MinSizeRel|x64.ActiveCfg = MinSizeRel|x64
		{75CD1C65-8943-3CA6-A89E-113119DC15F7}.MinSizeRel|x64.Build.0 = MinSizeRel|x64
		{75CD1C65-8943-3CA6-A89E-113119DC15F7}.RelWithDebInfo|x64.ActiveCfg = RelWithDebInfo|x64
		{75CD1C65-8943-3CA6-A89E-113119DC15F7}.RelWithDebInfo|x64.Build.0 = RelWithDebInfo|x64
		{1DFCC2A2-A3B7-3B4A-B20D-778BDAF7F77F}.Debug|x64.ActiveCfg = Debug|x64
		{1DFCC2A2-A3B7-3B4A-B20D-778BDAF7F77F}.Release|x64.ActiveCfg = Release|x64
		{1DFCC2A2-A3B7-3B4A-B20D-778BDAF7F77F}.MinSizeRel|x64.ActiveCfg = MinSizeRel|x64
		{1DFCC2A2-A3B7-3B4A-B20D-778BDAF7F77F}.RelWithDebInfo|x64.ActiveCfg = RelWithDebInfo|x64
		{A1A6BDF6-E685-3096-8391-870D74016092}.Debug|x64.ActiveCfg = Debug|x64
		{A1A6BDF6-E685-3096-8391-870D74016092}.Release|x64.ActiveCfg = Release|x64
		{A1A6BDF6-E685-3096-8391-870D74016092}.MinSizeRel|x64.ActiveCfg = MinSizeRel|x64
		{A1A6BDF6-E685-3096-8391-870D74016092}.RelWithDebInfo|x64.ActiveCfg = RelWithDebInfo|x64
		{0938DAB9-9340-3A06-8EE1-49E95D314008}.Debug|x64.ActiveCfg = Debug|x64
		{0938DAB9-9340-3A06-8EE1-49E95D314008}.Debug|x64.Build.0 = Debug|x64
		{0938DAB9-9340-3A06-8EE1-49E95D314008}.Release|x64.ActiveCfg = Release|x64
		{0938DAB9-9340-3A06-8EE1-49E95D314008}.Release|x64.Build.0 = Release|x64
		{0938DAB9-9340-3A06-8EE1-49E95D314008}.MinSizeRel|x64.ActiveCfg = MinSizeRel|x64
		{0938DAB9-9340-3A06-8EE1-49E95D314008}.MinSizeRel|x64.Build.0 = MinSizeRel|x64
		{0938DAB9-9340-3A06-8EE1-49E95D314008}.RelWithDebInfo|x64.ActiveCfg = RelWithDebInfo|x64
		{0938DAB9-9340-3A06-8EE1-49E95D314008}.RelWithDebInfo|x64.Build.0 = RelWithDebInfo|x64
		{AF30E992-2F7C-39E7-8B73-5759055B05FD}.Debug|x64.ActiveCfg = Debug|x64
		{AF30E992-2F7C-39E7-8B73-5759055B05FD}.Debug|x64.Build.0 = Debug|x64
		{AF30E992-2F7C-39E7-8B73-5759055B05FD}.Release|x64.ActiveCfg = Release|x64
		{AF30E992-2F7C-39E7-8B73-5759055B05FD}.Release|x64.Build.0 = Release|x64
		{AF30E992-2F7C-39E7-8B73-5759055B05FD}.MinSizeRel|x64.ActiveCfg = MinSizeRel|x64
		{AF30E992-2F7C-39E7-8B73-5759055B05FD}.MinSizeRel|x64.Build.0 = MinSizeRel|x64
		{AF30E992-2F7C-39E7-8B73-5759055B05FD}.RelWithDebInfo|x64.ActiveCfg = RelWithDebInfo|x64
		{AF30E992-2F7C-39E7-8B73-5759055B05FD}.RelWithDebInfo|x64.Build.0 = RelWithDebInfo|x64
		{D4BC705E-E62E-3E57-8BBB-3AC272975505}.Debug|x64.ActiveCfg = Debug|x64
		{D4BC705E-E62E-3E57-8BBB-3AC272975505}.Debug|x64.Build.0 = Debug|x64
		{D4BC705E-E62E-3E57-8BBB-3AC272975505}.Release|x64.ActiveCfg = Release|x64
		{D4BC705E-E62E-3E57-8BBB-3AC272975505}.Release|x64.Build.0 = Release|x64
		{D4BC705E-E62E-3E57-8BBB-3AC272975505}.MinSizeRel|x64.ActiveCfg = MinSizeRel|x64
		{D4BC705E-E62E-3E57-8BBB-3AC272975505}.MinSizeRel|x64.Build.0 = MinSizeRel|x64
		{D4BC705E-E62E-3E57-8BBB-3AC272975505}.RelWithDebInfo|x64.ActiveCfg = RelWithDebInfo|x64
		{D4BC705E-E62E-3E57-8BBB-3AC272975505}.RelWithDebInfo|x64.Build.0 = RelWithDebInfo|x64
		{A5430665-BBB6-3C36-B0D9-B205BD9DFB08}.Debug|x64.ActiveCfg = Debug|x64
		{A5430665-BBB6-3C36-B0D9-B205BD9DFB08}.Debug|x64.Build.0 = Debug|x64
		{A5430665-BBB6-3C36-B0D9-B205BD9DFB08}.Release|x64.ActiveCfg = Release|x64
		{A5430665-BBB6-3C36-B0D9-B205BD9DFB08}.Release|x64.Build.0 = Release|x64
		{A5430665-BBB6-3C36-B0D9-B205BD9DFB08}.MinSizeRel|x64.ActiveCfg = MinSizeRel|x64
		{A5430665-BBB6-3C36-B0D9-B205BD9DFB08}.MinSizeRel|x64.Build.0 = MinSizeRel|x64
		{A5430665-BBB6-3C36-B0D9-B205BD9DFB08}.RelWithDebInfo|x64.ActiveCfg = RelWithDebInfo|x64
		{A5430665-BBB6-3C36-B0D9-B205BD9DFB08}.RelWithDebInfo|x64.Build.0 = RelWithDebInfo|x64
		{6D82DBE0-0D39-3F16-B3AD-13A9E2108670}.Debug|x64.ActiveCfg = Debug|x64
		{6D82DBE0-0D39-3F16-B3AD-13A9E2108670}.Release|x64.ActiveCfg = Release|x64
		{6D82DBE0-0D39-3F16-B3AD-13A9E2108670}.MinSizeRel|x64.ActiveCfg = MinSizeRel|x64
		{6D82DBE0-0D39-3F16-B3AD-13A9E2108670}.RelWithDebInfo|x64.ActiveCfg = RelWithDebInfo|x64
		{B9E457F1-7414-3453-95C0-64772A06C028}.Debug|x64.ActiveCfg = Debug|x64
		{B9E457F1-7414-3453-95C0-64772A06C028}.Release|x64.ActiveCfg = Release|x64
		{B9E457F1-7414-3453-95C0-64772A06C028}.MinSizeRel|x64.ActiveCfg = MinSizeRel|x64
		{B9E457F1-7414-3453-95C0-64772A06C028}.RelWithDebInfo|x64.ActiveCfg = RelWithDebInfo|x64
	EndGlobalSection
	GlobalSection(NestedProjects) = preSolution
		{75CD1C65-8943-3CA6-A89E-113119DC15F7} = {9C35C635-D2F4-364E-8FF8-2B3EFD99FD4D}
		{1DFCC2A2-A3B7-3B4A-B20D-778BDAF7F77F} = {9C35C635-D2F4-364E-8FF8-2B3EFD99FD4D}
		{A1A6BDF6-E685-3096-8391-870D74016092} = {9C35C635-D2F4-364E-8FF8-2B3EFD99FD4D}
		{0938DAB9-9340-3A06-8EE1-49E95D314008} = {9C35C635-D2F4-364E-8FF8-2B3EFD99FD4D}
		{AF30E992-2F7C-39E7-8B73-5759055B05FD} = {D90FA4F7-5CBA-3749-8AC2-000F30D52756}
		{B9E457F1-7414-3453-95C0-64772A06C028} = {D90FA4F7-5CBA-3749-8AC2-000F30D52756}
	EndGlobalSection
	GlobalSection(ExtensibilityGlobals) = postSolution
		SolutionGuid = {41FC67D3-F2B4-384D-BD52-04B08B2C7463}
	EndGlobalSection
	GlobalSection(ExtensibilityAddIns) = postSolution
	EndGlobalSection
EndGlobal
